
Microsoft Visual Studio Solution File, Format Version 12.00
# Visual Studio Version 16
VisualStudioVersion = 16.0.31129.286
MinimumVisualStudioVersion = 10.0.40219.1
Project("{FAE04EC0-301F-11D3-BF4B-00C04F79EFBC}") = "Inception", "Inception\Inception.csproj", "{CF57C476-1431-4768-95CA-7CE715936289}"
EndProject
Project("{FAE04EC0-301F-11D3-BF4B-00C04F79EFBC}") = "Inception.Tests", "Inception.Tests\Inception.Tests.csproj", "{B0BED600-6ECF-431E-8854-0DA8DCC9E9F1}"
EndProject
Global
	GlobalSection(SolutionConfigurationPlatforms) = preSolution
		Debug|Any CPU = Debug|Any CPU
		Release|Any CPU = Release|Any CPU
	EndGlobalSection
	GlobalSection(ProjectConfigurationPlatforms) = postSolution
		{CF57C476-1431-4768-95CA-7CE715936289}.Debug|Any CPU.ActiveCfg = Debug|Any CPU
		{CF57C476-1431-4768-95CA-7CE715936289}.Debug|Any CPU.Build.0 = Debug|Any CPU
		{CF57C476-1431-4768-95CA-7CE715936289}.Release|Any CPU.ActiveCfg = Release|Any CPU
		{CF57C476-1431-4768-95CA-7CE715936289}.Release|Any CPU.Build.0 = Release|Any CPU
		{B0BED600-6ECF-431E-8854-0DA8DCC9E9F1}.Debug|Any CPU.ActiveCfg = Debug|Any CPU
		{B0BED600-6ECF-431E-8854-0DA8DCC9E9F1}.Debug|Any CPU.Build.0 = Debug|Any CPU
		{B0BED600-6ECF-431E-8854-0DA8DCC9E9F1}.Release|Any CPU.ActiveCfg = Release|Any CPU
		{B0BED600-6ECF-431E-8854-0DA8DCC9E9F1}.Release|Any CPU.Build.0 = Release|Any CPU
	EndGlobalSection
	GlobalSection(SolutionProperties) = preSolution
		HideSolutionNode = FALSE
	EndGlobalSection
	GlobalSection(ExtensibilityGlobals) = postSolution
		SolutionGuid = {0A94AF9D-27B5-4F13-A1C4-B9CA045345D1}
	EndGlobalSection
EndGlobal
